
Microsoft Visual Studio Solution File, Format Version 12.00
# Visual Studio Version 16
VisualStudioVersion = 16.0.30611.23
MinimumVisualStudioVersion = 10.0.40219.1
Project("{FAE04EC0-301F-11D3-BF4B-00C04F79EFBC}") = "func", "func\func.csproj", "{05F89857-C147-4C58-B4DE-26C3400D726B}"
EndProject
Global
	GlobalSection(SolutionConfigurationPlatforms) = preSolution
		Debug|Any CPU = Debug|Any CPU
		Release|Any CPU = Release|Any CPU
	EndGlobalSection
	GlobalSection(ProjectConfigurationPlatforms) = postSolution
		{05F89857-C147-4C58-B4DE-26C3400D726B}.Debug|Any CPU.ActiveCfg = Debug|Any CPU
		{05F89857-C147-4C58-B4DE-26C3400D726B}.Debug|Any CPU.Build.0 = Debug|Any CPU
		{05F89857-C147-4C58-B4DE-26C3400D726B}.Release|Any CPU.ActiveCfg = Release|Any CPU
		{05F89857-C147-4C58-B4DE-26C3400D726B}.Release|Any CPU.Build.0 = Release|Any CPU
	EndGlobalSection
	GlobalSection(SolutionProperties) = preSolution
		HideSolutionNode = FALSE
	EndGlobalSection
	GlobalSection(ExtensibilityGlobals) = postSolution
		SolutionGuid = {8DB36A39-0E0A-49F2-9636-991022DBAD82}
	EndGlobalSection
EndGlobal
